// !$*UTF8*$!
{
	archiveVersion = 1;
	classes = {
	};
	objectVersion = 56;
	objects = {

/* Begin PBXBuildFile section */
		C42117CE2BE28B8F0022AD42 /* MenuItemDetailViewController.swift in Sources */ = {isa = PBXBuildFile; fileRef = C42117CD2BE28B8F0022AD42 /* MenuItemDetailViewController.swift */; };
		C42117D02BE28CD90022AD42 /* MenuItem.swift in Sources */ = {isa = PBXBuildFile; fileRef = C42117CF2BE28CD90022AD42 /* MenuItem.swift */; };
		C42117D22BE28E470022AD42 /* ResponseModels.swift in Sources */ = {isa = PBXBuildFile; fileRef = C42117D12BE28E470022AD42 /* ResponseModels.swift */; };
		C42117D42BE28F9D0022AD42 /* Order.swift in Sources */ = {isa = PBXBuildFile; fileRef = C42117D32BE28F9D0022AD42 /* Order.swift */; };
		C42117D62BE290110022AD42 /* MenuController.swift in Sources */ = {isa = PBXBuildFile; fileRef = C42117D52BE290110022AD42 /* MenuController.swift */; };
		C441F6E82BE15F67000E18C5 /* AppDelegate.swift in Sources */ = {isa = PBXBuildFile; fileRef = C441F6E72BE15F67000E18C5 /* AppDelegate.swift */; };
		C441F6EA2BE15F67000E18C5 /* SceneDelegate.swift in Sources */ = {isa = PBXBuildFile; fileRef = C441F6E92BE15F67000E18C5 /* SceneDelegate.swift */; };
		C441F6F12BE15F69000E18C5 /* Assets.xcassets in Resources */ = {isa = PBXBuildFile; fileRef = C441F6F02BE15F69000E18C5 /* Assets.xcassets */; };
		C441F6F42BE15F69000E18C5 /* Base in Resources */ = {isa = PBXBuildFile; fileRef = C441F6F32BE15F69000E18C5 /* Base */; };
		C441F7012BE1C15B000E18C5 /* MenuTableViewController.swift in Sources */ = {isa = PBXBuildFile; fileRef = C441F7002BE1C15B000E18C5 /* MenuTableViewController.swift */; };
		C441F7032BE1C16A000E18C5 /* OrderTableViewController.swift in Sources */ = {isa = PBXBuildFile; fileRef = C441F7022BE1C16A000E18C5 /* OrderTableViewController.swift */; };
		C441F7052BE1C5A3000E18C5 /* CategoryTableViewController.swift in Sources */ = {isa = PBXBuildFile; fileRef = C441F7042BE1C5A3000E18C5 /* CategoryTableViewController.swift */; };
/* End PBXBuildFile section */

/* Begin PBXFileReference section */
		C42117CD2BE28B8F0022AD42 /* MenuItemDetailViewController.swift */ = {isa = PBXFileReference; lastKnownFileType = sourcecode.swift; path = MenuItemDetailViewController.swift; sourceTree = "<group>"; };
		C42117CF2BE28CD90022AD42 /* MenuItem.swift */ = {isa = PBXFileReference; lastKnownFileType = sourcecode.swift; path = MenuItem.swift; sourceTree = "<group>"; };
		C42117D12BE28E470022AD42 /* ResponseModels.swift */ = {isa = PBXFileReference; lastKnownFileType = sourcecode.swift; path = ResponseModels.swift; sourceTree = "<group>"; };
		C42117D32BE28F9D0022AD42 /* Order.swift */ = {isa = PBXFileReference; lastKnownFileType = sourcecode.swift; path = Order.swift; sourceTree = "<group>"; };
		C42117D52BE290110022AD42 /* MenuController.swift */ = {isa = PBXFileReference; lastKnownFileType = sourcecode.swift; path = MenuController.swift; sourceTree = "<group>"; };
		C441F6E42BE15F67000E18C5 /* OrderApp.app */ = {isa = PBXFileReference; explicitFileType = wrapper.application; includeInIndex = 0; path = OrderApp.app; sourceTree = BUILT_PRODUCTS_DIR; };
		C441F6E72BE15F67000E18C5 /* AppDelegate.swift */ = {isa = PBXFileReference; lastKnownFileType = sourcecode.swift; path = AppDelegate.swift; sourceTree = "<group>"; };
		C441F6E92BE15F67000E18C5 /* SceneDelegate.swift */ = {isa = PBXFileReference; lastKnownFileType = sourcecode.swift; path = SceneDelegate.swift; sourceTree = "<group>"; };
		C441F6F02BE15F69000E18C5 /* Assets.xcassets */ = {isa = PBXFileReference; lastKnownFileType = folder.assetcatalog; path = Assets.xcassets; sourceTree = "<group>"; };
		C441F6F32BE15F69000E18C5 /* Base */ = {isa = PBXFileReference; lastKnownFileType = file.storyboard; name = Base; path = Base.lproj/LaunchScreen.storyboard; sourceTree = "<group>"; };
		C441F6F52BE15F69000E18C5 /* Info.plist */ = {isa = PBXFileReference; lastKnownFileType = text.plist.xml; path = Info.plist; sourceTree = "<group>"; };
		C441F7002BE1C15B000E18C5 /* MenuTableViewController.swift */ = {isa = PBXFileReference; lastKnownFileType = sourcecode.swift; path = MenuTableViewController.swift; sourceTree = "<group>"; };
		C441F7022BE1C16A000E18C5 /* OrderTableViewController.swift */ = {isa = PBXFileReference; lastKnownFileType = sourcecode.swift; path = OrderTableViewController.swift; sourceTree = "<group>"; };
		C441F7042BE1C5A3000E18C5 /* CategoryTableViewController.swift */ = {isa = PBXFileReference; lastKnownFileType = sourcecode.swift; path = CategoryTableViewController.swift; sourceTree = "<group>"; };
/* End PBXFileReference section */

/* Begin PBXFrameworksBuildPhase section */
		C441F6E12BE15F67000E18C5 /* Frameworks */ = {
			isa = PBXFrameworksBuildPhase;
			buildActionMask = 2147483647;
			files = (
			);
			runOnlyForDeploymentPostprocessing = 0;
		};
/* End PBXFrameworksBuildPhase section */

/* Begin PBXGroup section */
		C441F6DB2BE15F67000E18C5 = {
			isa = PBXGroup;
			children = (
				C441F6E62BE15F67000E18C5 /* OrderApp */,
				C441F6E52BE15F67000E18C5 /* Products */,
			);
			sourceTree = "<group>";
		};
		C441F6E52BE15F67000E18C5 /* Products */ = {
			isa = PBXGroup;
			children = (
				C441F6E42BE15F67000E18C5 /* OrderApp.app */,
			);
			name = Products;
			sourceTree = "<group>";
		};
		C441F6E62BE15F67000E18C5 /* OrderApp */ = {
			isa = PBXGroup;
			children = (
				C441F6E72BE15F67000E18C5 /* AppDelegate.swift */,
				C441F6E92BE15F67000E18C5 /* SceneDelegate.swift */,
				C441F7042BE1C5A3000E18C5 /* CategoryTableViewController.swift */,
				C441F6FB2BE15FF9000E18C5 /* Models */,
				C441F6FC2BE15FFF000E18C5 /* Views */,
				C441F6FD2BE16004000E18C5 /* ViewControllers */,
				C441F6FF2BE16016000E18C5 /* Controllers */,
				C441F6FE2BE1600B000E18C5 /* Files */,
			);
			path = OrderApp;
			sourceTree = "<group>";
		};
		C441F6FB2BE15FF9000E18C5 /* Models */ = {
			isa = PBXGroup;
			children = (
				C42117CF2BE28CD90022AD42 /* MenuItem.swift */,
				C42117D32BE28F9D0022AD42 /* Order.swift */,
				C42117D12BE28E470022AD42 /* ResponseModels.swift */,
			);
			name = Models;
			sourceTree = "<group>";
		};
		C441F6FC2BE15FFF000E18C5 /* Views */ = {
			isa = PBXGroup;
			children = (
			);
			name = Views;
			sourceTree = "<group>";
		};
		C441F6FD2BE16004000E18C5 /* ViewControllers */ = {
			isa = PBXGroup;
			children = (
				C441F7002BE1C15B000E18C5 /* MenuTableViewController.swift */,
				C42117CD2BE28B8F0022AD42 /* MenuItemDetailViewController.swift */,
				C441F7022BE1C16A000E18C5 /* OrderTableViewController.swift */,
			);
			name = ViewControllers;
			sourceTree = "<group>";
		};
		C441F6FE2BE1600B000E18C5 /* Files */ = {
			isa = PBXGroup;
			children = (
				C441F6F52BE15F69000E18C5 /* Info.plist */,
				C441F6F02BE15F69000E18C5 /* Assets.xcassets */,
				C441F6F22BE15F69000E18C5 /* LaunchScreen.storyboard */,
			);
			name = Files;
			sourceTree = "<group>";
		};
		C441F6FF2BE16016000E18C5 /* Controllers */ = {
			isa = PBXGroup;
			children = (
				C42117D52BE290110022AD42 /* MenuController.swift */,
			);
			name = Controllers;
			sourceTree = "<group>";
		};
/* End PBXGroup section */

/* Begin PBXNativeTarget section */
		C441F6E32BE15F67000E18C5 /* OrderApp */ = {
			isa = PBXNativeTarget;
			buildConfigurationList = C441F6F82BE15F69000E18C5 /* Build configuration list for PBXNativeTarget "OrderApp" */;
			buildPhases = (
				C441F6E02BE15F67000E18C5 /* Sources */,
				C441F6E12BE15F67000E18C5 /* Frameworks */,
				C441F6E22BE15F67000E18C5 /* Resources */,
			);
			buildRules = (
			);
			dependencies = (
			);
			name = OrderApp;
			productName = OrderApp;
			productReference = C441F6E42BE15F67000E18C5 /* OrderApp.app */;
			productType = "com.apple.product-type.application";
		};
/* End PBXNativeTarget section */

/* Begin PBXProject section */
		C441F6DC2BE15F67000E18C5 /* Project object */ = {
			isa = PBXProject;
			attributes = {
				BuildIndependentTargetsInParallel = 1;
				LastSwiftUpdateCheck = 1530;
				LastUpgradeCheck = 1530;
				TargetAttributes = {
					C441F6E32BE15F67000E18C5 = {
						CreatedOnToolsVersion = 15.3;
					};
				};
			};
			buildConfigurationList = C441F6DF2BE15F67000E18C5 /* Build configuration list for PBXProject "OrderApp" */;
			compatibilityVersion = "Xcode 14.0";
			developmentRegion = en;
			hasScannedForEncodings = 0;
			knownRegions = (
				en,
				Base,
			);
			mainGroup = C441F6DB2BE15F67000E18C5;
			productRefGroup = C441F6E52BE15F67000E18C5 /* Products */;
			projectDirPath = "";
			projectRoot = "";
			targets = (
				C441F6E32BE15F67000E18C5 /* OrderApp */,
			);
		};
/* End PBXProject section */

/* Begin PBXResourcesBuildPhase section */
		C441F6E22BE15F67000E18C5 /* Resources */ = {
			isa = PBXResourcesBuildPhase;
			buildActionMask = 2147483647;
			files = (
				C441F6F12BE15F69000E18C5 /* Assets.xcassets in Resources */,
				C441F6F42BE15F69000E18C5 /* Base in Resources */,
			);
			runOnlyForDeploymentPostprocessing = 0;
		};
/* End PBXResourcesBuildPhase section */

/* Begin PBXSourcesBuildPhase section */
		C441F6E02BE15F67000E18C5 /* Sources */ = {
			isa = PBXSourcesBuildPhase;
			buildActionMask = 2147483647;
			files = (
				C42117D02BE28CD90022AD42 /* MenuItem.swift in Sources */,
				C441F7032BE1C16A000E18C5 /* OrderTableViewController.swift in Sources */,
				C42117D22BE28E470022AD42 /* ResponseModels.swift in Sources */,
				C42117D42BE28F9D0022AD42 /* Order.swift in Sources */,
				C42117CE2BE28B8F0022AD42 /* MenuItemDetailViewController.swift in Sources */,
				C42117D62BE290110022AD42 /* MenuController.swift in Sources */,
				C441F6E82BE15F67000E18C5 /* AppDelegate.swift in Sources */,
				C441F7052BE1C5A3000E18C5 /* CategoryTableViewController.swift in Sources */,
				C441F6EA2BE15F67000E18C5 /* SceneDelegate.swift in Sources */,
				C441F7012BE1C15B000E18C5 /* MenuTableViewController.swift in Sources */,
			);
			runOnlyForDeploymentPostprocessing = 0;
		};
/* End PBXSourcesBuildPhase section */

/* Begin PBXVariantGroup section */
		C441F6F22BE15F69000E18C5 /* LaunchScreen.storyboard */ = {
			isa = PBXVariantGroup;
			children = (
				C441F6F32BE15F69000E18C5 /* Base */,
			);
			name = LaunchScreen.storyboard;
			sourceTree = "<group>";
		};
/* End PBXVariantGroup section */

/* Begin XCBuildConfiguration section */
		C441F6F62BE15F69000E18C5 /* Debug */ = {
			isa = XCBuildConfiguration;
			buildSettings = {
				ALWAYS_SEARCH_USER_PATHS = NO;
				ASSETCATALOG_COMPILER_GENERATE_SWIFT_ASSET_SYMBOL_EXTENSIONS = YES;
				CLANG_ANALYZER_NONNULL = YES;
				CLANG_ANALYZER_NUMBER_OBJECT_CONVERSION = YES_AGGRESSIVE;
				CLANG_CXX_LANGUAGE_STANDARD = "gnu++20";
				CLANG_ENABLE_MODULES = YES;
				CLANG_ENABLE_OBJC_ARC = YES;
				CLANG_ENABLE_OBJC_WEAK = YES;
				CLANG_WARN_BLOCK_CAPTURE_AUTORELEASING = YES;
				CLANG_WARN_BOOL_CONVERSION = YES;
				CLANG_WARN_COMMA = YES;
				CLANG_WARN_CONSTANT_CONVERSION = YES;
				CLANG_WARN_DEPRECATED_OBJC_IMPLEMENTATIONS = YES;
				CLANG_WARN_DIRECT_OBJC_ISA_USAGE = YES_ERROR;
				CLANG_WARN_DOCUMENTATION_COMMENTS = YES;
				CLANG_WARN_EMPTY_BODY = YES;
				CLANG_WARN_ENUM_CONVERSION = YES;
				CLANG_WARN_INFINITE_RECURSION = YES;
				CLANG_WARN_INT_CONVERSION = YES;
				CLANG_WARN_NON_LITERAL_NULL_CONVERSION = YES;
				CLANG_WARN_OBJC_IMPLICIT_RETAIN_SELF = YES;
				CLANG_WARN_OBJC_LITERAL_CONVERSION = YES;
				CLANG_WARN_OBJC_ROOT_CLASS = YES_ERROR;
				CLANG_WARN_QUOTED_INCLUDE_IN_FRAMEWORK_HEADER = YES;
				CLANG_WARN_RANGE_LOOP_ANALYSIS = YES;
				CLANG_WARN_STRICT_PROTOTYPES = YES;
				CLANG_WARN_SUSPICIOUS_MOVE = YES;
				CLANG_WARN_UNGUARDED_AVAILABILITY = YES_AGGRESSIVE;
				CLANG_WARN_UNREACHABLE_CODE = YES;
				CLANG_WARN__DUPLICATE_METHOD_MATCH = YES;
				COPY_PHASE_STRIP = NO;
				DEBUG_INFORMATION_FORMAT = dwarf;
				ENABLE_STRICT_OBJC_MSGSEND = YES;
				ENABLE_TESTABILITY = YES;
				ENABLE_USER_SCRIPT_SANDBOXING = YES;
				GCC_C_LANGUAGE_STANDARD = gnu17;
				GCC_DYNAMIC_NO_PIC = NO;
				GCC_NO_COMMON_BLOCKS = YES;
				GCC_OPTIMIZATION_LEVEL = 0;
				GCC_PREPROCESSOR_DEFINITIONS = (
					"DEBUG=1",
					"$(inherited)",
				);
				GCC_WARN_64_TO_32_BIT_CONVERSION = YES;
				GCC_WARN_ABOUT_RETURN_TYPE = YES_ERROR;
				GCC_WARN_UNDECLARED_SELECTOR = YES;
				GCC_WARN_UNINITIALIZED_AUTOS = YES_AGGRESSIVE;
				GCC_WARN_UNUSED_FUNCTION = YES;
				GCC_WARN_UNUSED_VARIABLE = YES;
				IPHONEOS_DEPLOYMENT_TARGET = 17.4;
				LOCALIZATION_PREFERS_STRING_CATALOGS = YES;
				MTL_ENABLE_DEBUG_INFO = INCLUDE_SOURCE;
				MTL_FAST_MATH = YES;
				ONLY_ACTIVE_ARCH = YES;
				SDKROOT = iphoneos;
				SWIFT_ACTIVE_COMPILATION_CONDITIONS = "DEBUG $(inherited)";
				SWIFT_OPTIMIZATION_LEVEL = "-Onone";
			};
			name = Debug;
		};
		C441F6F72BE15F69000E18C5 /* Release */ = {
			isa = XCBuildConfiguration;
			buildSettings = {
				ALWAYS_SEARCH_USER_PATHS = NO;
				ASSETCATALOG_COMPILER_GENERATE_SWIFT_ASSET_SYMBOL_EXTENSIONS = YES;
				CLANG_ANALYZER_NONNULL = YES;
				CLANG_ANALYZER_NUMBER_OBJECT_CONVERSION = YES_AGGRESSIVE;
				CLANG_CXX_LANGUAGE_STANDARD = "gnu++20";
				CLANG_ENABLE_MODULES = YES;
				CLANG_ENABLE_OBJC_ARC = YES;
				CLANG_ENABLE_OBJC_WEAK = YES;
				CLANG_WARN_BLOCK_CAPTURE_AUTORELEASING = YES;
				CLANG_WARN_BOOL_CONVERSION = YES;
				CLANG_WARN_COMMA = YES;
				CLANG_WARN_CONSTANT_CONVERSION = YES;
				CLANG_WARN_DEPRECATED_OBJC_IMPLEMENTATIONS = YES;
				CLANG_WARN_DIRECT_OBJC_ISA_USAGE = YES_ERROR;
				CLANG_WARN_DOCUMENTATION_COMMENTS = YES;
				CLANG_WARN_EMPTY_BODY = YES;
				CLANG_WARN_ENUM_CONVERSION = YES;
				CLANG_WARN_INFINITE_RECURSION = YES;
				CLANG_WARN_INT_CONVERSION = YES;
				CLANG_WARN_NON_LITERAL_NULL_CONVERSION = YES;
				CLANG_WARN_OBJC_IMPLICIT_RETAIN_SELF = YES;
				CLANG_WARN_OBJC_LITERAL_CONVERSION = YES;
				CLANG_WARN_OBJC_ROOT_CLASS = YES_ERROR;
				CLANG_WARN_QUOTED_INCLUDE_IN_FRAMEWORK_HEADER = YES;
				CLANG_WARN_RANGE_LOOP_ANALYSIS = YES;
				CLANG_WARN_STRICT_PROTOTYPES = YES;
				CLANG_WARN_SUSPICIOUS_MOVE = YES;
				CLANG_WARN_UNGUARDED_AVAILABILITY = YES_AGGRESSIVE;
				CLANG_WARN_UNREACHABLE_CODE = YES;
				CLANG_WARN__DUPLICATE_METHOD_MATCH = YES;
				COPY_PHASE_STRIP = NO;
				DEBUG_INFORMATION_FORMAT = "dwarf-with-dsym";
				ENABLE_NS_ASSERTIONS = NO;
				ENABLE_STRICT_OBJC_MSGSEND = YES;
				ENABLE_USER_SCRIPT_SANDBOXING = YES;
				GCC_C_LANGUAGE_STANDARD = gnu17;
				GCC_NO_COMMON_BLOCKS = YES;
				GCC_WARN_64_TO_32_BIT_CONVERSION = YES;
				GCC_WARN_ABOUT_RETURN_TYPE = YES_ERROR;
				GCC_WARN_UNDECLARED_SELECTOR = YES;
				GCC_WARN_UNINITIALIZED_AUTOS = YES_AGGRESSIVE;
				GCC_WARN_UNUSED_FUNCTION = YES;
				GCC_WARN_UNUSED_VARIABLE = YES;
				IPHONEOS_DEPLOYMENT_TARGET = 17.4;
				LOCALIZATION_PREFERS_STRING_CATALOGS = YES;
				MTL_ENABLE_DEBUG_INFO = NO;
				MTL_FAST_MATH = YES;
				SDKROOT = iphoneos;
				SWIFT_COMPILATION_MODE = wholemodule;
				VALIDATE_PRODUCT = YES;
			};
			name = Release;
		};
		C441F6F92BE15F69000E18C5 /* Debug */ = {
			isa = XCBuildConfiguration;
			buildSettings = {
				ASSETCATALOG_COMPILER_APPICON_NAME = AppIcon;
				ASSETCATALOG_COMPILER_GLOBAL_ACCENT_COLOR_NAME = AccentColor;
				CODE_SIGN_STYLE = Automatic;
				CURRENT_PROJECT_VERSION = 1;
				DEVELOPMENT_TEAM = U7YYU53MN3;
				GENERATE_INFOPLIST_FILE = YES;
				INFOPLIST_FILE = OrderApp/Info.plist;
				INFOPLIST_KEY_UIApplicationSupportsIndirectInputEvents = YES;
				INFOPLIST_KEY_UILaunchStoryboardName = LaunchScreen;
				INFOPLIST_KEY_UISupportedInterfaceOrientations_iPad = "UIInterfaceOrientationPortrait UIInterfaceOrientationPortraitUpsideDown UIInterfaceOrientationLandscapeLeft UIInterfaceOrientationLandscapeRight";
				INFOPLIST_KEY_UISupportedInterfaceOrientations_iPhone = "UIInterfaceOrientationPortrait UIInterfaceOrientationLandscapeLeft UIInterfaceOrientationLandscapeRight";
				IPHONEOS_DEPLOYMENT_TARGET = 15.2;
				LD_RUNPATH_SEARCH_PATHS = (
					"$(inherited)",
					"@executable_path/Frameworks",
				);
				MARKETING_VERSION = 1.0;
				PRODUCT_BUNDLE_IDENTIFIER = com.diegosierra.OrderApp;
				PRODUCT_NAME = "$(TARGET_NAME)";
				SWIFT_EMIT_LOC_STRINGS = YES;
				SWIFT_VERSION = 5.0;
				TARGETED_DEVICE_FAMILY = "1,2";
			};
			name = Debug;
		};
		C441F6FA2BE15F69000E18C5 /* Release */ = {
			isa = XCBuildConfiguration;
			buildSettings = {
				ASSETCATALOG_COMPILER_APPICON_NAME = AppIcon;
				ASSETCATALOG_COMPILER_GLOBAL_ACCENT_COLOR_NAME = AccentColor;
				CODE_SIGN_STYLE = Automatic;
				CURRENT_PROJECT_VERSION = 1;
				DEVELOPMENT_TEAM = U7YYU53MN3;
				GENERATE_INFOPLIST_FILE = YES;
				INFOPLIST_FILE = OrderApp/Info.plist;
				INFOPLIST_KEY_UIApplicationSupportsIndirectInputEvents = YES;
				INFOPLIST_KEY_UILaunchStoryboardName = LaunchScreen;
				INFOPLIST_KEY_UISupportedInterfaceOrientations_iPad = "UIInterfaceOrientationPortrait UIInterfaceOrientationPortraitUpsideDown UIInterfaceOrientationLandscapeLeft UIInterfaceOrientationLandscapeRight";
				INFOPLIST_KEY_UISupportedInterfaceOrientations_iPhone = "UIInterfaceOrientationPortrait UIInterfaceOrientationLandscapeLeft UIInterfaceOrientationLandscapeRight";
				IPHONEOS_DEPLOYMENT_TARGET = 15.2;
				LD_RUNPATH_SEARCH_PATHS = (
					"$(inherited)",
					"@executable_path/Frameworks",
				);
				MARKETING_VERSION = 1.0;
				PRODUCT_BUNDLE_IDENTIFIER = com.diegosierra.OrderApp;
				PRODUCT_NAME = "$(TARGET_NAME)";
				SWIFT_EMIT_LOC_STRINGS = YES;
				SWIFT_VERSION = 5.0;
				TARGETED_DEVICE_FAMILY = "1,2";
			};
			name = Release;
		};
/* End XCBuildConfiguration section */

/* Begin XCConfigurationList section */
		C441F6DF2BE15F67000E18C5 /* Build configuration list for PBXProject "OrderApp" */ = {
			isa = XCConfigurationList;
			buildConfigurations = (
				C441F6F62BE15F69000E18C5 /* Debug */,
				C441F6F72BE15F69000E18C5 /* Release */,
			);
			defaultConfigurationIsVisible = 0;
			defaultConfigurationName = Release;
		};
		C441F6F82BE15F69000E18C5 /* Build configuration list for PBXNativeTarget "OrderApp" */ = {
			isa = XCConfigurationList;
			buildConfigurations = (
				C441F6F92BE15F69000E18C5 /* Debug */,
				C441F6FA2BE15F69000E18C5 /* Release */,
			);
			defaultConfigurationIsVisible = 0;
			defaultConfigurationName = Release;
		};
/* End XCConfigurationList section */
	};
	rootObject = C441F6DC2BE15F67000E18C5 /* Project object */;
}
